
Microsoft Visual Studio Solution File, Format Version 12.00
# Visual Studio Version 17
VisualStudioVersion = 17.0.31903.59
MinimumVisualStudioVersion = 10.0.40219.1
Project("{9A19103F-16F7-4668-BE54-9A1E7A4F7556}") = "Launcher", "launcher\Launcher.csproj", "{C3D7F90B-43F7-429F-9A8C-CEB560F55611}"
EndProject
Project("{9A19103F-16F7-4668-BE54-9A1E7A4F7556}") = "LauncherTest", "LauncherTest\LauncherTest.csproj", "{2CEBEEB0-0B7C-418E-AD34-40F60B5B6E6B}"
EndProject
Project("{9A19103F-16F7-4668-BE54-9A1E7A4F7556}") = "launcherTests", "LauncherTests\launcherTests.csproj", "{BF22A37F-AAAE-41D0-AA03-B28CF16E9D6C}"
	ProjectSection(ProjectDependencies) = postProject
		{2CEBEEB0-0B7C-418E-AD34-40F60B5B6E6B} = {2CEBEEB0-0B7C-418E-AD34-40F60B5B6E6B}
	EndProjectSection
EndProject
Project("{2150E333-8FDC-42A3-9474-1A3956D46DE8}") = "Solution Items", "Solution Items", "{72E68ED8-5547-411B-A18D-24A8F59B4A26}"
	ProjectSection(SolutionItems) = preProject
		.gitignore = .gitignore
		Nbuild.bat = Nbuild.bat
		nbuild.log = nbuild.log
		nbuild.targets = nbuild.targets
		README.md = README.md
	EndProjectSection
EndProject
Project("{2150E333-8FDC-42A3-9474-1A3956D46DE8}") = ".github", ".github", "{975DD70F-DD7A-47B0-BCD1-2A2814EA3914}"
EndProject
Project("{2150E333-8FDC-42A3-9474-1A3956D46DE8}") = "ISSUE_TEMPLATE", "ISSUE_TEMPLATE", "{F58E0A42-C27D-4F91-B649-5991E477C42E}"
	ProjectSection(SolutionItems) = preProject
		.github\ISSUE_TEMPLATE\bug_report.md = .github\ISSUE_TEMPLATE\bug_report.md
		.github\ISSUE_TEMPLATE\custom.md = .github\ISSUE_TEMPLATE\custom.md
		.github\ISSUE_TEMPLATE\feature_request.md = .github\ISSUE_TEMPLATE\feature_request.md
	EndProjectSection
EndProject
Project("{2150E333-8FDC-42A3-9474-1A3956D46DE8}") = "workflows", "workflows", "{A49F6E80-00BE-48DA-9902-B0606A41A210}"
	ProjectSection(SolutionItems) = preProject
		.github\workflows\dotnet-desktop.yml = .github\workflows\dotnet-desktop.yml
	EndProjectSection
EndProject
Global
	GlobalSection(SolutionConfigurationPlatforms) = preSolution
		Debug|Any CPU = Debug|Any CPU
		Release|Any CPU = Release|Any CPU
	EndGlobalSection
	GlobalSection(ProjectConfigurationPlatforms) = postSolution
		{C3D7F90B-43F7-429F-9A8C-CEB560F55611}.Debug|Any CPU.ActiveCfg = Debug|Any CPU
		{C3D7F90B-43F7-429F-9A8C-CEB560F55611}.Debug|Any CPU.Build.0 = Debug|Any CPU
		{C3D7F90B-43F7-429F-9A8C-CEB560F55611}.Release|Any CPU.ActiveCfg = Release|Any CPU
		{C3D7F90B-43F7-429F-9A8C-CEB560F55611}.Release|Any CPU.Build.0 = Release|Any CPU
		{2CEBEEB0-0B7C-418E-AD34-40F60B5B6E6B}.Debug|Any CPU.ActiveCfg = Debug|Any CPU
		{2CEBEEB0-0B7C-418E-AD34-40F60B5B6E6B}.Debug|Any CPU.Build.0 = Debug|Any CPU
		{2CEBEEB0-0B7C-418E-AD34-40F60B5B6E6B}.Release|Any CPU.ActiveCfg = Release|Any CPU
		{2CEBEEB0-0B7C-418E-AD34-40F60B5B6E6B}.Release|Any CPU.Build.0 = Release|Any CPU
		{BF22A37F-AAAE-41D0-AA03-B28CF16E9D6C}.Debug|Any CPU.ActiveCfg = Debug|Any CPU
		{BF22A37F-AAAE-41D0-AA03-B28CF16E9D6C}.Debug|Any CPU.Build.0 = Debug|Any CPU
		{BF22A37F-AAAE-41D0-AA03-B28CF16E9D6C}.Release|Any CPU.ActiveCfg = Release|Any CPU
		{BF22A37F-AAAE-41D0-AA03-B28CF16E9D6C}.Release|Any CPU.Build.0 = Release|Any CPU
	EndGlobalSection
	GlobalSection(SolutionProperties) = preSolution
		HideSolutionNode = FALSE
	EndGlobalSection
	GlobalSection(NestedProjects) = preSolution
		{F58E0A42-C27D-4F91-B649-5991E477C42E} = {975DD70F-DD7A-47B0-BCD1-2A2814EA3914}
		{A49F6E80-00BE-48DA-9902-B0606A41A210} = {975DD70F-DD7A-47B0-BCD1-2A2814EA3914}
	EndGlobalSection
	GlobalSection(ExtensibilityGlobals) = postSolution
		SolutionGuid = {78E5EED6-EE17-46FC-8046-AEB7486912C3}
	EndGlobalSection
EndGlobal
