
Microsoft Visual Studio Solution File, Format Version 12.00
# Visual Studio Version 17
VisualStudioVersion = 17.0.31903.59
MinimumVisualStudioVersion = 10.0.40219.1
Project("{9A19103F-16F7-4668-BE54-9A1E7A4F7556}") = "Launcher", "launcher\Launcher.csproj", "{C3D7F90B-43F7-429F-9A8C-CEB560F55611}"
EndProject
Project("{9A19103F-16F7-4668-BE54-9A1E7A4F7556}") = "LauncherTest", "LauncherTest\LauncherTest.csproj", "{2CEBEEB0-0B7C-418E-AD34-40F60B5B6E6B}"
EndProject
Project("{9A19103F-16F7-4668-BE54-9A1E7A4F7556}") = "launcherTests", "LauncherTests\launcherTests.csproj", "{BF22A37F-AAAE-41D0-AA03-B28CF16E9D6C}"
	ProjectSection(ProjectDependencies) = postProject
		{2CEBEEB0-0B7C-418E-AD34-40F60B5B6E6B} = {2CEBEEB0-0B7C-418E-AD34-40F60B5B6E6B}
	EndProjectSection
EndProject
Project("{2150E333-8FDC-42A3-9474-1A3956D46DE8}") = "Solution Items", "Solution Items", "{72E68ED8-5547-411B-A18D-24A8F59B4A26}"
	ProjectSection(SolutionItems) = preProject
		.gitignore = .gitignore
		mkdocs.yml = mkdocs.yml
		Nbuild.bat = Nbuild.bat
		nbuild.log = nbuild.log
		nbuild.targets = nbuild.targets
		README.md = README.md
	EndProjectSection
EndProject
Project("{2150E333-8FDC-42A3-9474-1A3956D46DE8}") = ".github", ".github", "{975DD70F-DD7A-47B0-BCD1-2A2814EA3914}"
EndProject
Project("{2150E333-8FDC-42A3-9474-1A3956D46DE8}") = "workflows", "workflows", "{A49F6E80-00BE-48DA-9902-B0606A41A210}"
	ProjectSection(SolutionItems) = preProject
		.github\workflows\dotnet-desktop.yml = .github\workflows\dotnet-desktop.yml
	EndProjectSection
EndProject
Project("{2150E333-8FDC-42A3-9474-1A3956D46DE8}") = "DevSetup", "DevSetup", "{DDBBD1E6-132E-4998-BF28-4FDCC29AD8DD}"
	ProjectSection(SolutionItems) = preProject
		DevSetup\app-Dotnet_Runtime.json = DevSetup\app-Dotnet_Runtime.json
		DevSetup\app-Ntools.json = DevSetup\app-Ntools.json
		DevSetup\DevSetup.ps1 = DevSetup\DevSetup.ps1
		DevSetup\install-ntools.ps1 = DevSetup\install-ntools.ps1
		DevSetup\ntools.json = DevSetup\ntools.json
	EndProjectSection
EndProject
Project("{2150E333-8FDC-42A3-9474-1A3956D46DE8}") = "docs", "docs", "{259A65B7-1CBC-4C72-81B8-EE6C28129CC5}"
	ProjectSection(SolutionItems) = preProject
		docs\index.md = docs\index.md
		docs\installation.md = docs\installation.md
		docs\usage.md = docs\usage.md
	EndProjectSection
EndProject
Project("{2150E333-8FDC-42A3-9474-1A3956D46DE8}") = "devguide", "devguide", "{A6D45CAF-2E9C-4288-B774-378B67F157FC}"
	ProjectSection(SolutionItems) = preProject
		docs\devguide\build-and-test.md = docs\devguide\build-and-test.md
		docs\devguide\dependencies.md = docs\devguide\dependencies.md
		docs\devguide\setup.md = docs\devguide\setup.md
	EndProjectSection
EndProject
Project("{2150E333-8FDC-42A3-9474-1A3956D46DE8}") = "revisions", "revisions", "{E7E30B2D-EB5A-484C-BCB0-0E84A3C8C740}"
	ProjectSection(SolutionItems) = preProject
		docs\revisions\changelog.md = docs\revisions\changelog.md
	EndProjectSection
EndProject
Global
	GlobalSection(SolutionConfigurationPlatforms) = preSolution
		Debug|Any CPU = Debug|Any CPU
		Release|Any CPU = Release|Any CPU
	EndGlobalSection
	GlobalSection(ProjectConfigurationPlatforms) = postSolution
		{C3D7F90B-43F7-429F-9A8C-CEB560F55611}.Debug|Any CPU.ActiveCfg = Debug|Any CPU
		{C3D7F90B-43F7-429F-9A8C-CEB560F55611}.Debug|Any CPU.Build.0 = Debug|Any CPU
		{C3D7F90B-43F7-429F-9A8C-CEB560F55611}.Release|Any CPU.ActiveCfg = Release|Any CPU
		{C3D7F90B-43F7-429F-9A8C-CEB560F55611}.Release|Any CPU.Build.0 = Release|Any CPU
		{2CEBEEB0-0B7C-418E-AD34-40F60B5B6E6B}.Debug|Any CPU.ActiveCfg = Debug|Any CPU
		{2CEBEEB0-0B7C-418E-AD34-40F60B5B6E6B}.Debug|Any CPU.Build.0 = Debug|Any CPU
		{2CEBEEB0-0B7C-418E-AD34-40F60B5B6E6B}.Release|Any CPU.ActiveCfg = Release|Any CPU
		{2CEBEEB0-0B7C-418E-AD34-40F60B5B6E6B}.Release|Any CPU.Build.0 = Release|Any CPU
		{BF22A37F-AAAE-41D0-AA03-B28CF16E9D6C}.Debug|Any CPU.ActiveCfg = Debug|Any CPU
		{BF22A37F-AAAE-41D0-AA03-B28CF16E9D6C}.Debug|Any CPU.Build.0 = Debug|Any CPU
		{BF22A37F-AAAE-41D0-AA03-B28CF16E9D6C}.Release|Any CPU.ActiveCfg = Release|Any CPU
		{BF22A37F-AAAE-41D0-AA03-B28CF16E9D6C}.Release|Any CPU.Build.0 = Release|Any CPU
	EndGlobalSection
	GlobalSection(SolutionProperties) = preSolution
		HideSolutionNode = FALSE
	EndGlobalSection
	GlobalSection(NestedProjects) = preSolution
		{A49F6E80-00BE-48DA-9902-B0606A41A210} = {975DD70F-DD7A-47B0-BCD1-2A2814EA3914}
		{A6D45CAF-2E9C-4288-B774-378B67F157FC} = {259A65B7-1CBC-4C72-81B8-EE6C28129CC5}
		{E7E30B2D-EB5A-484C-BCB0-0E84A3C8C740} = {259A65B7-1CBC-4C72-81B8-EE6C28129CC5}
	EndGlobalSection
	GlobalSection(ExtensibilityGlobals) = postSolution
		SolutionGuid = {78E5EED6-EE17-46FC-8046-AEB7486912C3}
	EndGlobalSection
EndGlobal
